
Microsoft Visual Studio Solution File, Format Version 12.00
# Visual Studio Version 17
VisualStudioVersion = 17.3.32819.101
MinimumVisualStudioVersion = 10.0.40219.1
Project("{9A19103F-16F7-4668-BE54-9A1E7A4F7556}") = "BucView", "BucView\BucView.csproj", "{8097D33A-184B-404C-B63D-5090C16909DB}"
EndProject
Project("{E53339B2-1760-4266-BCC7-CA923CBCF16C}") = "docker-compose", "docker-compose.dcproj", "{258689AC-825C-42A3-AA64-4AE4671287E6}"
EndProject
Global
	GlobalSection(SolutionConfigurationPlatforms) = preSolution
		Debug|Any CPU = Debug|Any CPU
		Release|Any CPU = Release|Any CPU
	EndGlobalSection
	GlobalSection(ProjectConfigurationPlatforms) = postSolution
		{8097D33A-184B-404C-B63D-5090C16909DB}.Debug|Any CPU.ActiveCfg = Debug|Any CPU
		{8097D33A-184B-404C-B63D-5090C16909DB}.Debug|Any CPU.Build.0 = Debug|Any CPU
		{8097D33A-184B-404C-B63D-5090C16909DB}.Release|Any CPU.ActiveCfg = Release|Any CPU
		{8097D33A-184B-404C-B63D-5090C16909DB}.Release|Any CPU.Build.0 = Release|Any CPU
		{258689AC-825C-42A3-AA64-4AE4671287E6}.Debug|Any CPU.ActiveCfg = Debug|Any CPU
		{258689AC-825C-42A3-AA64-4AE4671287E6}.Debug|Any CPU.Build.0 = Debug|Any CPU
		{258689AC-825C-42A3-AA64-4AE4671287E6}.Release|Any CPU.ActiveCfg = Release|Any CPU
		{258689AC-825C-42A3-AA64-4AE4671287E6}.Release|Any CPU.Build.0 = Release|Any CPU
	EndGlobalSection
	GlobalSection(SolutionProperties) = preSolution
		HideSolutionNode = FALSE
	EndGlobalSection
	GlobalSection(ExtensibilityGlobals) = postSolution
		SolutionGuid = {1277E541-8D56-49D1-B598-F6E5FFC1C71E}
	EndGlobalSection
EndGlobal
